
Microsoft Visual Studio Solution File, Format Version 12.00
# Visual Studio 15
VisualStudioVersion = 15.0.27703.2026
MinimumVisualStudioVersion = 10.0.40219.1
Project("{FAE04EC0-301F-11D3-BF4B-00C04F79EFBC}") = "Fio.Lunch.API", "Fio.Lunch.API\Fio.Lunch.API.csproj", "{10A58892-08E5-4CEC-961A-DFD1B5A950BF}"
EndProject
Global
	GlobalSection(SolutionConfigurationPlatforms) = preSolution
		Debug|Any CPU = Debug|Any CPU
		Release|Any CPU = Release|Any CPU
	EndGlobalSection
	GlobalSection(ProjectConfigurationPlatforms) = postSolution
		{10A58892-08E5-4CEC-961A-DFD1B5A950BF}.Debug|Any CPU.ActiveCfg = Debug|Any CPU
		{10A58892-08E5-4CEC-961A-DFD1B5A950BF}.Debug|Any CPU.Build.0 = Debug|Any CPU
		{10A58892-08E5-4CEC-961A-DFD1B5A950BF}.Release|Any CPU.ActiveCfg = Release|Any CPU
		{10A58892-08E5-4CEC-961A-DFD1B5A950BF}.Release|Any CPU.Build.0 = Release|Any CPU
	EndGlobalSection
	GlobalSection(SolutionProperties) = preSolution
		HideSolutionNode = FALSE
	EndGlobalSection
	GlobalSection(ExtensibilityGlobals) = postSolution
		SolutionGuid = {CCFEC2C9-98B4-4D58-B33E-F91A05C3DDF8}
	EndGlobalSection
EndGlobal
